// !$*UTF8*$!
{
	archiveVersion = 1;
	classes = {
	};
	objectVersion = 46;
	objects = {

/* Begin PBXBuildFile section */
		383A9BC81B6D9A1F00D61ED0 /* AppDelegate.swift in Sources */ = {isa = PBXBuildFile; fileRef = 383A9BC71B6D9A1F00D61ED0 /* AppDelegate.swift */; };
		383A9BCB1B6D9A1F00D61ED0 /* HelloWorld.xcdatamodeld in Sources */ = {isa = PBXBuildFile; fileRef = 383A9BC91B6D9A1F00D61ED0 /* HelloWorld.xcdatamodeld */; };
		383A9BCD1B6D9A1F00D61ED0 /* ViewController.swift in Sources */ = {isa = PBXBuildFile; fileRef = 383A9BCC1B6D9A1F00D61ED0 /* ViewController.swift */; };
		383A9BD01B6D9A1F00D61ED0 /* Main.storyboard in Resources */ = {isa = PBXBuildFile; fileRef = 383A9BCE1B6D9A1F00D61ED0 /* Main.storyboard */; };
		383A9BD21B6D9A1F00D61ED0 /* Images.xcassets in Resources */ = {isa = PBXBuildFile; fileRef = 383A9BD11B6D9A1F00D61ED0 /* Images.xcassets */; };
		383A9BD51B6D9A1F00D61ED0 /* LaunchScreen.xib in Resources */ = {isa = PBXBuildFile; fileRef = 383A9BD31B6D9A1F00D61ED0 /* LaunchScreen.xib */; };
		383A9BE11B6D9A1F00D61ED0 /* HelloWorldTests.swift in Sources */ = {isa = PBXBuildFile; fileRef = 383A9BE01B6D9A1F00D61ED0 /* HelloWorldTests.swift */; };
/* End PBXBuildFile section */

/* Begin PBXContainerItemProxy section */
		383A9BDB1B6D9A1F00D61ED0 /* PBXContainerItemProxy */ = {
			isa = PBXContainerItemProxy;
			containerPortal = 383A9BBA1B6D9A1F00D61ED0 /* Project object */;
			proxyType = 1;
			remoteGlobalIDString = 383A9BC11B6D9A1F00D61ED0;
			remoteInfo = HelloWorld;
		};
/* End PBXContainerItemProxy section */

/* Begin PBXFileReference section */
		383A9BC21B6D9A1F00D61ED0 /* HelloWorld.app */ = {isa = PBXFileReference; explicitFileType = wrapper.application; includeInIndex = 0; path = HelloWorld.app; sourceTree = BUILT_PRODUCTS_DIR; };
		383A9BC61B6D9A1F00D61ED0 /* Info.plist */ = {isa = PBXFileReference; lastKnownFileType = text.plist.xml; path = Info.plist; sourceTree = "<group>"; };
		383A9BC71B6D9A1F00D61ED0 /* AppDelegate.swift */ = {isa = PBXFileReference; lastKnownFileType = sourcecode.swift; path = AppDelegate.swift; sourceTree = "<group>"; };
		383A9BCA1B6D9A1F00D61ED0 /* HelloWorld.xcdatamodel */ = {isa = PBXFileReference; lastKnownFileType = wrapper.xcdatamodel; path = HelloWorld.xcdatamodel; sourceTree = "<group>"; };
		383A9BCC1B6D9A1F00D61ED0 /* ViewController.swift */ = {isa = PBXFileReference; lastKnownFileType = sourcecode.swift; path = ViewController.swift; sourceTree = "<group>"; };
		383A9BCF1B6D9A1F00D61ED0 /* Base */ = {isa = PBXFileReference; lastKnownFileType = file.storyboard; name = Base; path = Base.lproj/Main.storyboard; sourceTree = "<group>"; };
		383A9BD11B6D9A1F00D61ED0 /* Images.xcassets */ = {isa = PBXFileReference; lastKnownFileType = folder.assetcatalog; path = Images.xcassets; sourceTree = "<group>"; };
		383A9BD41B6D9A1F00D61ED0 /* Base */ = {isa = PBXFileReference; lastKnownFileType = file.xib; name = Base; path = Base.lproj/LaunchScreen.xib; sourceTree = "<group>"; };
		383A9BDA1B6D9A1F00D61ED0 /* HelloWorldTests.xctest */ = {isa = PBXFileReference; explicitFileType = wrapper.cfbundle; includeInIndex = 0; path = HelloWorldTests.xctest; sourceTree = BUILT_PRODUCTS_DIR; };
		383A9BDF1B6D9A1F00D61ED0 /* Info.plist */ = {isa = PBXFileReference; lastKnownFileType = text.plist.xml; path = Info.plist; sourceTree = "<group>"; };
		383A9BE01B6D9A1F00D61ED0 /* HelloWorldTests.swift */ = {isa = PBXFileReference; lastKnownFileType = sourcecode.swift; path = HelloWorldTests.swift; sourceTree = "<group>"; };
/* End PBXFileReference section */

/* Begin PBXFrameworksBuildPhase section */
		383A9BBF1B6D9A1F00D61ED0 /* Frameworks */ = {
			isa = PBXFrameworksBuildPhase;
			buildActionMask = 2147483647;
			files = (
			);
			runOnlyForDeploymentPostprocessing = 0;
		};
		383A9BD71B6D9A1F00D61ED0 /* Frameworks */ = {
			isa = PBXFrameworksBuildPhase;
			buildActionMask = 2147483647;
			files = (
			);
			runOnlyForDeploymentPostprocessing = 0;
		};
/* End PBXFrameworksBuildPhase section */

/* Begin PBXGroup section */
		383A9BB91B6D9A1F00D61ED0 = {
			isa = PBXGroup;
			children = (
				383A9BC41B6D9A1F00D61ED0 /* HelloWorld */,
				383A9BDD1B6D9A1F00D61ED0 /* HelloWorldTests */,
				383A9BC31B6D9A1F00D61ED0 /* Products */,
			);
			sourceTree = "<group>";
		};
		383A9BC31B6D9A1F00D61ED0 /* Products */ = {
			isa = PBXGroup;
			children = (
				383A9BC21B6D9A1F00D61ED0 /* HelloWorld.app */,
				383A9BDA1B6D9A1F00D61ED0 /* HelloWorldTests.xctest */,
			);
			name = Products;
			sourceTree = "<group>";
		};
		383A9BC41B6D9A1F00D61ED0 /* HelloWorld */ = {
			isa = PBXGroup;
			children = (
				383A9BC71B6D9A1F00D61ED0 /* AppDelegate.swift */,
				383A9BCC1B6D9A1F00D61ED0 /* ViewController.swift */,
				383A9BCE1B6D9A1F00D61ED0 /* Main.storyboard */,
				383A9BD11B6D9A1F00D61ED0 /* Images.xcassets */,
				383A9BD31B6D9A1F00D61ED0 /* LaunchScreen.xib */,
				383A9BC91B6D9A1F00D61ED0 /* HelloWorld.xcdatamodeld */,
				383A9BC51B6D9A1F00D61ED0 /* Supporting Files */,
			);
			path = HelloWorld;
			sourceTree = "<group>";
		};
		383A9BC51B6D9A1F00D61ED0 /* Supporting Files */ = {
			isa = PBXGroup;
			children = (
				383A9BC61B6D9A1F00D61ED0 /* Info.plist */,
			);
			name = "Supporting Files";
			sourceTree = "<group>";
		};
		383A9BDD1B6D9A1F00D61ED0 /* HelloWorldTests */ = {
			isa = PBXGroup;
			children = (
				383A9BE01B6D9A1F00D61ED0 /* HelloWorldTests.swift */,
				383A9BDE1B6D9A1F00D61ED0 /* Supporting Files */,
			);
			path = HelloWorldTests;
			sourceTree = "<group>";
		};
		383A9BDE1B6D9A1F00D61ED0 /* Supporting Files */ = {
			isa = PBXGroup;
			children = (
				383A9BDF1B6D9A1F00D61ED0 /* Info.plist */,
			);
			name = "Supporting Files";
			sourceTree = "<group>";
		};
/* End PBXGroup section */

/* Begin PBXNativeTarget section */
		383A9BC11B6D9A1F00D61ED0 /* HelloWorld */ = {
			isa = PBXNativeTarget;
			buildConfigurationList = 383A9BE41B6D9A1F00D61ED0 /* Build configuration list for PBXNativeTarget "HelloWorld" */;
			buildPhases = (
				383A9BBE1B6D9A1F00D61ED0 /* Sources */,
				383A9BBF1B6D9A1F00D61ED0 /* Frameworks */,
				383A9BC01B6D9A1F00D61ED0 /* Resources */,
			);
			buildRules = (
			);
			dependencies = (
			);
			name = HelloWorld;
			productName = HelloWorld;
			productReference = 383A9BC21B6D9A1F00D61ED0 /* HelloWorld.app */;
			productType = "com.apple.product-type.application";
		};
		383A9BD91B6D9A1F00D61ED0 /* HelloWorldTests */ = {
			isa = PBXNativeTarget;
			buildConfigurationList = 383A9BE71B6D9A1F00D61ED0 /* Build configuration list for PBXNativeTarget "HelloWorldTests" */;
			buildPhases = (
				383A9BD61B6D9A1F00D61ED0 /* Sources */,
				383A9BD71B6D9A1F00D61ED0 /* Frameworks */,
				383A9BD81B6D9A1F00D61ED0 /* Resources */,
			);
			buildRules = (
			);
			dependencies = (
				383A9BDC1B6D9A1F00D61ED0 /* PBXTargetDependency */,
			);
			name = HelloWorldTests;
			productName = HelloWorldTests;
			productReference = 383A9BDA1B6D9A1F00D61ED0 /* HelloWorldTests.xctest */;
			productType = "com.apple.product-type.bundle.unit-test";
		};
/* End PBXNativeTarget section */

/* Begin PBXProject section */
		383A9BBA1B6D9A1F00D61ED0 /* Project object */ = {
			isa = PBXProject;
			attributes = {
				LastUpgradeCheck = 0630;
				ORGANIZATIONNAME = mips;
				TargetAttributes = {
					383A9BC11B6D9A1F00D61ED0 = {
						CreatedOnToolsVersion = 6.4;
					};
					383A9BD91B6D9A1F00D61ED0 = {
						CreatedOnToolsVersion = 6.4;
						TestTargetID = 383A9BC11B6D9A1F00D61ED0;
					};
				};
			};
			buildConfigurationList = 383A9BBD1B6D9A1F00D61ED0 /* Build configuration list for PBXProject "HelloWorld" */;
			compatibilityVersion = "Xcode 3.2";
			developmentRegion = English;
			hasScannedForEncodings = 0;
			knownRegions = (
				en,
				Base,
			);
			mainGroup = 383A9BB91B6D9A1F00D61ED0;
			productRefGroup = 383A9BC31B6D9A1F00D61ED0 /* Products */;
			projectDirPath = "";
			projectRoot = "";
			targets = (
				383A9BC11B6D9A1F00D61ED0 /* HelloWorld */,
				383A9BD91B6D9A1F00D61ED0 /* HelloWorldTests */,
			);
		};
/* End PBXProject section */

/* Begin PBXResourcesBuildPhase section */
		383A9BC01B6D9A1F00D61ED0 /* Resources */ = {
			isa = PBXResourcesBuildPhase;
			buildActionMask = 2147483647;
			files = (
				383A9BD01B6D9A1F00D61ED0 /* Main.storyboard in Resources */,
				383A9BD51B6D9A1F00D61ED0 /* LaunchScreen.xib in Resources */,
				383A9BD21B6D9A1F00D61ED0 /* Images.xcassets in Resources */,
			);
			runOnlyForDeploymentPostprocessing = 0;
		};
		383A9BD81B6D9A1F00D61ED0 /* Resources */ = {
			isa = PBXResourcesBuildPhase;
			buildActionMask = 2147483647;
			files = (
			);
			runOnlyForDeploymentPostprocessing = 0;
		};
/* End PBXResourcesBuildPhase section */

/* Begin PBXSourcesBuildPhase section */
		383A9BBE1B6D9A1F00D61ED0 /* Sources */ = {
			isa = PBXSourcesBuildPhase;
			buildActionMask = 2147483647;
			files = (
				383A9BCD1B6D9A1F00D61ED0 /* ViewController.swift in Sources */,
				383A9BC81B6D9A1F00D61ED0 /* AppDelegate.swift in Sources */,
				383A9BCB1B6D9A1F00D61ED0 /* HelloWorld.xcdatamodeld in Sources */,
			);
			runOnlyForDeploymentPostprocessing = 0;
		};
		383A9BD61B6D9A1F00D61ED0 /* Sources */ = {
			isa = PBXSourcesBuildPhase;
			buildActionMask = 2147483647;
			files = (
				383A9BE11B6D9A1F00D61ED0 /* HelloWorldTests.swift in Sources */,
			);
			runOnlyForDeploymentPostprocessing = 0;
		};
/* End PBXSourcesBuildPhase section */

/* Begin PBXTargetDependency section */
		383A9BDC1B6D9A1F00D61ED0 /* PBXTargetDependency */ = {
			isa = PBXTargetDependency;
			target = 383A9BC11B6D9A1F00D61ED0 /* HelloWorld */;
			targetProxy = 383A9BDB1B6D9A1F00D61ED0 /* PBXContainerItemProxy */;
		};
/* End PBXTargetDependency section */

/* Begin PBXVariantGroup section */
		383A9BCE1B6D9A1F00D61ED0 /* Main.storyboard */ = {
			isa = PBXVariantGroup;
			children = (
				383A9BCF1B6D9A1F00D61ED0 /* Base */,
			);
			name = Main.storyboard;
			sourceTree = "<group>";
		};
		383A9BD31B6D9A1F00D61ED0 /* LaunchScreen.xib */ = {
			isa = PBXVariantGroup;
			children = (
				383A9BD41B6D9A1F00D61ED0 /* Base */,
			);
			name = LaunchScreen.xib;
			sourceTree = "<group>";
		};
/* End PBXVariantGroup section */

/* Begin XCBuildConfiguration section */
		383A9BE21B6D9A1F00D61ED0 /* Debug */ = {
			isa = XCBuildConfiguration;
			buildSettings = {
				ALWAYS_SEARCH_USER_PATHS = NO;
				CLANG_CXX_LANGUAGE_STANDARD = "gnu++0x";
				CLANG_CXX_LIBRARY = "libc++";
				CLANG_ENABLE_MODULES = YES;
				CLANG_ENABLE_OBJC_ARC = YES;
				CLANG_WARN_BOOL_CONVERSION = YES;
				CLANG_WARN_CONSTANT_CONVERSION = YES;
				CLANG_WARN_DIRECT_OBJC_ISA_USAGE = YES_ERROR;
				CLANG_WARN_EMPTY_BODY = YES;
				CLANG_WARN_ENUM_CONVERSION = YES;
				CLANG_WARN_INT_CONVERSION = YES;
				CLANG_WARN_OBJC_ROOT_CLASS = YES_ERROR;
				CLANG_WARN_UNREACHABLE_CODE = YES;
				CLANG_WARN__DUPLICATE_METHOD_MATCH = YES;
				"CODE_SIGN_IDENTITY[sdk=iphoneos*]" = "iPhone Developer";
				COPY_PHASE_STRIP = NO;
				DEBUG_INFORMATION_FORMAT = "dwarf-with-dsym";
				ENABLE_STRICT_OBJC_MSGSEND = YES;
				GCC_C_LANGUAGE_STANDARD = gnu99;
				GCC_DYNAMIC_NO_PIC = NO;
				GCC_NO_COMMON_BLOCKS = YES;
				GCC_OPTIMIZATION_LEVEL = 0;
				GCC_PREPROCESSOR_DEFINITIONS = (
					"DEBUG=1",
					"$(inherited)",
				);
				GCC_SYMBOLS_PRIVATE_EXTERN = NO;
				GCC_WARN_64_TO_32_BIT_CONVERSION = YES;
				GCC_WARN_ABOUT_RETURN_TYPE = YES_ERROR;
				GCC_WARN_UNDECLARED_SELECTOR = YES;
				GCC_WARN_UNINITIALIZED_AUTOS = YES_AGGRESSIVE;
				GCC_WARN_UNUSED_FUNCTION = YES;
				GCC_WARN_UNUSED_VARIABLE = YES;
				IPHONEOS_DEPLOYMENT_TARGET = 8.4;
				MTL_ENABLE_DEBUG_INFO = YES;
				ONLY_ACTIVE_ARCH = YES;
				SDKROOT = iphoneos;
				SWIFT_OPTIMIZATION_LEVEL = "-Onone";
			};
			name = Debug;
		};
		383A9BE31B6D9A1F00D61ED0 /* Release */ = {
			isa = XCBuildConfiguration;
			buildSettings = {
				ALWAYS_SEARCH_USER_PATHS = NO;
				CLANG_CXX_LANGUAGE_STANDARD = "gnu++0x";
				CLANG_CXX_LIBRARY = "libc++";
				CLANG_ENABLE_MODULES = YES;
				CLANG_ENABLE_OBJC_ARC = YES;
				CLANG_WARN_BOOL_CONVERSION = YES;
				CLANG_WARN_CONSTANT_CONVERSION = YES;
				CLANG_WARN_DIRECT_OBJC_ISA_USAGE = YES_ERROR;
				CLANG_WARN_EMPTY_BODY = YES;
				CLANG_WARN_ENUM_CONVERSION = YES;
				CLANG_WARN_INT_CONVERSION = YES;
				CLANG_WARN_OBJC_ROOT_CLASS = YES_ERROR;
				CLANG_WARN_UNREACHABLE_CODE = YES;
				CLANG_WARN__DUPLICATE_METHOD_MATCH = YES;
				"CODE_SIGN_IDENTITY[sdk=iphoneos*]" = "iPhone Developer";
				COPY_PHASE_STRIP = NO;
				DEBUG_INFORMATION_FORMAT = "dwarf-with-dsym";
				ENABLE_NS_ASSERTIONS = NO;
				ENABLE_STRICT_OBJC_MSGSEND = YES;
				GCC_C_LANGUAGE_STANDARD = gnu99;
				GCC_NO_COMMON_BLOCKS = YES;
				GCC_WARN_64_TO_32_BIT_CONVERSION = YES;
				GCC_WARN_ABOUT_RETURN_TYPE = YES_ERROR;
				GCC_WARN_UNDECLARED_SELECTOR = YES;
				GCC_WARN_UNINITIALIZED_AUTOS = YES_AGGRESSIVE;
				GCC_WARN_UNUSED_FUNCTION = YES;
				GCC_WARN_UNUSED_VARIABLE = YES;
				IPHONEOS_DEPLOYMENT_TARGET = 8.4;
				MTL_ENABLE_DEBUG_INFO = NO;
				SDKROOT = iphoneos;
				VALIDATE_PRODUCT = YES;
			};
			name = Release;
		};
		383A9BE51B6D9A1F00D61ED0 /* Debug */ = {
			isa = XCBuildConfiguration;
			buildSettings = {
				ASSETCATALOG_COMPILER_APPICON_NAME = AppIcon;
				INFOPLIST_FILE = HelloWorld/Info.plist;
				LD_RUNPATH_SEARCH_PATHS = "$(inherited) @executable_path/Frameworks";
				PRODUCT_NAME = "$(TARGET_NAME)";
			};
			name = Debug;
		};
		383A9BE61B6D9A1F00D61ED0 /* Release */ = {
			isa = XCBuildConfiguration;
			buildSettings = {
				ASSETCATALOG_COMPILER_APPICON_NAME = AppIcon;
				INFOPLIST_FILE = HelloWorld/Info.plist;
				LD_RUNPATH_SEARCH_PATHS = "$(inherited) @executable_path/Frameworks";
				PRODUCT_NAME = "$(TARGET_NAME)";
			};
			name = Release;
		};
		383A9BE81B6D9A1F00D61ED0 /* Debug */ = {
			isa = XCBuildConfiguration;
			buildSettings = {
				BUNDLE_LOADER = "$(TEST_HOST)";
				FRAMEWORK_SEARCH_PATHS = (
					"$(SDKROOT)/Developer/Library/Frameworks",
					"$(inherited)",
				);
				GCC_PREPROCESSOR_DEFINITIONS = (
					"DEBUG=1",
					"$(inherited)",
				);
				INFOPLIST_FILE = HelloWorldTests/Info.plist;
				LD_RUNPATH_SEARCH_PATHS = "$(inherited) @executable_path/Frameworks @loader_path/Frameworks";
				PRODUCT_NAME = "$(TARGET_NAME)";
				TEST_HOST = "$(BUILT_PRODUCTS_DIR)/HelloWorld.app/HelloWorld";
			};
			name = Debug;
		};
		383A9BE91B6D9A1F00D61ED0 /* Release */ = {
			isa = XCBuildConfiguration;
			buildSettings = {
				BUNDLE_LOADER = "$(TEST_HOST)";
				FRAMEWORK_SEARCH_PATHS = (
					"$(SDKROOT)/Developer/Library/Frameworks",
					"$(inherited)",
				);
				INFOPLIST_FILE = HelloWorldTests/Info.plist;
				LD_RUNPATH_SEARCH_PATHS = "$(inherited) @executable_path/Frameworks @loader_path/Frameworks";
				PRODUCT_NAME = "$(TARGET_NAME)";
				TEST_HOST = "$(BUILT_PRODUCTS_DIR)/HelloWorld.app/HelloWorld";
			};
			name = Release;
		};
/* End XCBuildConfiguration section */

/* Begin XCConfigurationList section */
		383A9BBD1B6D9A1F00D61ED0 /* Build configuration list for PBXProject "HelloWorld" */ = {
			isa = XCConfigurationList;
			buildConfigurations = (
				383A9BE21B6D9A1F00D61ED0 /* Debug */,
				383A9BE31B6D9A1F00D61ED0 /* Release */,
			);
			defaultConfigurationIsVisible = 0;
			defaultConfigurationName = Release;
		};
		383A9BE41B6D9A1F00D61ED0 /* Build configuration list for PBXNativeTarget "HelloWorld" */ = {
			isa = XCConfigurationList;
			buildConfigurations = (
				383A9BE51B6D9A1F00D61ED0 /* Debug */,
				383A9BE61B6D9A1F00D61ED0 /* Release */,
			);
			defaultConfigurationIsVisible = 0;
		};
		383A9BE71B6D9A1F00D61ED0 /* Build configuration list for PBXNativeTarget "HelloWorldTests" */ = {
			isa = XCConfigurationList;
			buildConfigurations = (
				383A9BE81B6D9A1F00D61ED0 /* Debug */,
				383A9BE91B6D9A1F00D61ED0 /* Release */,
			);
			defaultConfigurationIsVisible = 0;
		};
/* End XCConfigurationList section */

/* Begin XCVersionGroup section */
		383A9BC91B6D9A1F00D61ED0 /* HelloWorld.xcdatamodeld */ = {
			isa = XCVersionGroup;
			children = (
				383A9BCA1B6D9A1F00D61ED0 /* HelloWorld.xcdatamodel */,
			);
			currentVersion = 383A9BCA1B6D9A1F00D61ED0 /* HelloWorld.xcdatamodel */;
			path = HelloWorld.xcdatamodeld;
			sourceTree = "<group>";
			versionGroupType = wrapper.xcdatamodel;
		};
/* End XCVersionGroup section */
	};
	rootObject = 383A9BBA1B6D9A1F00D61ED0 /* Project object */;
}
